
Microsoft Visual Studio Solution File, Format Version 12.00
# Visual Studio Version 17
VisualStudioVersion = 17.2.32516.85
MinimumVisualStudioVersion = 10.0.40219.1
Project("{FAE04EC0-301F-11D3-BF4B-00C04F79EFBC}") = "PasswordValidationControl", "PasswordValidationControl.csproj", "{E502B070-0FB4-4E40-9568-2383797E6297}"
EndProject
Global
	GlobalSection(SolutionConfigurationPlatforms) = preSolution
		Debug|Any CPU = Debug|Any CPU
		Release|Any CPU = Release|Any CPU
	EndGlobalSection
	GlobalSection(ProjectConfigurationPlatforms) = postSolution
		{E502B070-0FB4-4E40-9568-2383797E6297}.Debug|Any CPU.ActiveCfg = Debug|Any CPU
		{E502B070-0FB4-4E40-9568-2383797E6297}.Debug|Any CPU.Build.0 = Debug|Any CPU
		{E502B070-0FB4-4E40-9568-2383797E6297}.Release|Any CPU.ActiveCfg = Release|Any CPU
		{E502B070-0FB4-4E40-9568-2383797E6297}.Release|Any CPU.Build.0 = Release|Any CPU
	EndGlobalSection
	GlobalSection(SolutionProperties) = preSolution
		HideSolutionNode = FALSE
	EndGlobalSection
	GlobalSection(ExtensibilityGlobals) = postSolution
		SolutionGuid = {76443C96-05A1-491A-8F63-23AAC617CEA2}
	EndGlobalSection
EndGlobal
